{
    "_readme": [
        "This file locks the dependencies of your project to a known state",
        "Read more about it at https://getcomposer.org/doc/01-basic-usage.md#composer-lock-the-lock-file",
        "This file is @generated automatically"
    ],
    "hash": "bef6906eac0c5180db9dea44d924224a",
    "packages": [
        {
            "name": "dez-php/dez-collection",
            "version": "v1.0.1",
            "source": {
                "type": "git",
                "url": "https://github.com/dez-php/dez-collection.git",
                "reference": "7f51534e2135a020563d259513bd4592dbf654e7"
            },
            "dist": {
                "type": "zip",
                "url": "https://api.github.com/repos/dez-php/dez-collection/zipball/7f51534e2135a020563d259513bd4592dbf654e7",
                "reference": "7f51534e2135a020563d259513bd4592dbf654e7",
                "shasum": ""
            },
            "require": {
                "php": ">=5.5"
            },
            "type": "library",
            "autoload": {
                "psr-4": {
                    "Dez\\": "src/"
                }
            },
            "notification-url": "https://packagist.org/downloads/",
            "license": [
                "MIT"
            ],
            "authors": [
                {
                    "name": "Ivan Gontarenko (Dez)",
                    "email": "vania.gontarenko@gmail.com",
                    "role": "dev"
                }
            ],
            "description": "Simple PHP Collection Class",
            "keywords": [
                "collection",
                "dez-php collection",
                "php collection",
                "simple php collection"
            ],
            "time": "2015-09-07 14:33:58"
        },
        {
            "name": "dez-php/dez-configuration",
            "version": "v1.0.0",
            "source": {
                "type": "git",
                "url": "https://github.com/dez-php/dez-configuration.git",
                "reference": "ec5fa210386efe55f80741759d36a1acf95c66c1"
            },
            "dist": {
                "type": "zip",
                "url": "https://api.github.com/repos/dez-php/dez-configuration/zipball/ec5fa210386efe55f80741759d36a1acf95c66c1",
                "reference": "ec5fa210386efe55f80741759d36a1acf95c66c1",
                "shasum": ""
            },
            "require": {
                "php": ">=5.5"
            },
            "type": "library",
            "autoload": {
                "psr-4": {
                    "Dez\\Config\\": "src/Config"
                }
            },
            "notification-url": "https://packagist.org/downloads/",
            "license": [
                "MIT"
            ],
            "authors": [
                {
                    "name": "Ivan Gontarenko",
                    "email": "vania.gontarenko@gmail.com"
                }
            ],
            "description": "DezPHP - Config",
            "keywords": [
                "config",
                "dez-config",
                "dez-php config",
                "php config"
            ],
            "time": "2015-09-01 14:47:55"
        },
        {
            "name": "dez-php/dez-db",
            "version": "v1.1.1",
            "source": {
                "type": "git",
                "url": "https://github.com/dez-php/dez-db.git",
                "reference": "460c176ac6a7fbb7cd6f7e97c6960ac3144bbb98"
            },
            "dist": {
                "type": "zip",
                "url": "https://api.github.com/repos/dez-php/dez-db/zipball/460c176ac6a7fbb7cd6f7e97c6960ac3144bbb98",
                "reference": "460c176ac6a7fbb7cd6f7e97c6960ac3144bbb98",
                "shasum": ""
            },
            "require": {
                "dez-php/dez-configuration": ">=1.0.0",
                "php": ">=5.5"
            },
            "type": "library",
            "autoload": {
                "psr-4": {
                    "Dez\\Db\\": "src/Db"
                }
            },
            "notification-url": "https://packagist.org/downloads/",
            "license": [
                "MIT"
            ],
            "authors": [
                {
                    "name": "Ivan Gontarenko",
                    "email": "vania.gontarenko@gmail.com"
                }
            ],
            "description": "Db Connection Component",
            "keywords": [
                "db",
                "dez-php db",
                "php db",
                "php db connection"
            ],
            "time": "2015-10-18 09:08:17"
        },
        {
            "name": "dez-php/dez-di",
            "version": "v1.0.3",
            "source": {
                "type": "git",
                "url": "https://github.com/dez-php/dez-di.git",
                "reference": "631661a66452b9cf04d5f6343dec0e9769c3284f"
            },
            "dist": {
                "type": "zip",
                "url": "https://api.github.com/repos/dez-php/dez-di/zipball/631661a66452b9cf04d5f6343dec0e9769c3284f",
                "reference": "631661a66452b9cf04d5f6343dec0e9769c3284f",
                "shasum": ""
            },
            "require": {
                "php": ">=5.5"
            },
            "type": "library",
            "autoload": {
                "psr-4": {
                    "Dez\\DependencyInjection\\": "src/DependencyInjection"
                }
            },
            "notification-url": "https://packagist.org/downloads/",
            "license": [
                "MIT"
            ],
            "authors": [
                {
                    "name": "Ivan Gontarenko",
                    "email": "vania.gontarenko@gmail.com"
                }
            ],
            "description": "DezPHP - Dependency injection",
            "keywords": [
                "PHP Dependency Injection",
                "dependency injection",
                "dez-di",
                "dez-php dependency injection",
                "di"
            ],
            "time": "2015-09-21 09:18:02"
        },
        {
            "name": "dez-php/dez-http",
            "version": "v1.0.5",
            "source": {
                "type": "git",
                "url": "https://github.com/dez-php/dez-http.git",
                "reference": "5e9c9052f0318ac01471fcb314a09e45184fd6e4"
            },
            "dist": {
                "type": "zip",
                "url": "https://api.github.com/repos/dez-php/dez-http/zipball/5e9c9052f0318ac01471fcb314a09e45184fd6e4",
                "reference": "5e9c9052f0318ac01471fcb314a09e45184fd6e4",
                "shasum": ""
            },
            "require": {
                "dez-php/dez-di": ">=1.0",
                "php": ">=5.5"
            },
            "type": "library",
            "autoload": {
                "psr-4": {
                    "Dez\\Http\\": "src/Http"
                }
            },
            "notification-url": "https://packagist.org/downloads/",
            "license": [
                "MIT"
            ],
            "authors": [
                {
                    "name": "Ivan Gontarenko",
                    "email": "vania.gontarenko@gmail.com"
                }
            ],
            "description": "DezPHP - Http Component",
            "keywords": [
                "dez-php http",
                "http",
                "php http"
            ],
            "time": "2015-10-18 16:29:19"
        },
        {
            "name": "dez-php/dez-orm",
            "version": "v1.0.6",
            "source": {
                "type": "git",
                "url": "https://github.com/dez-php/dez-orm.git",
                "reference": "4e9c254c43836263ca97891cd4ac0f6d6e0f4323"
            },
            "dist": {
                "type": "zip",
                "url": "https://api.github.com/repos/dez-php/dez-orm/zipball/4e9c254c43836263ca97891cd4ac0f6d6e0f4323",
                "reference": "4e9c254c43836263ca97891cd4ac0f6d6e0f4323",
                "shasum": ""
            },
            "require": {
                "dez-php/dez-collection": ">=1.0.0",
                "dez-php/dez-db": ">=1.0.0",
                "php": ">=5.5"
            },
            "type": "library",
            "autoload": {
                "psr-4": {
                    "Dez\\ORM\\": "src/ORM"
                }
            },
            "notification-url": "https://packagist.org/downloads/",
            "license": [
                "MIT"
            ],
            "authors": [
                {
                    "name": "Ivan Gontarenko",
                    "email": "vania.gontarenko@gmail.com"
                }
            ],
            "description": "Simple PHP ORM (DezORM)",
            "keywords": [
                "dez-php orm",
                "orm",
                "php orm",
                "simple php orm"
            ],
            "time": "2015-10-18 11:00:41"
        },
        {
            "name": "dez-php/dez-session",
            "version": "v1.0.0",
            "source": {
                "type": "git",
                "url": "https://github.com/dez-php/dez-session.git",
                "reference": "08ae3465996db84f6a18cb4f6007293111c346a2"
            },
            "dist": {
                "type": "zip",
                "url": "https://api.github.com/repos/dez-php/dez-session/zipball/08ae3465996db84f6a18cb4f6007293111c346a2",
                "reference": "08ae3465996db84f6a18cb4f6007293111c346a2",
                "shasum": ""
            },
            "require": {
                "dez-php/dez-di": ">=1.0",
                "php": ">=5.5"
            },
            "type": "library",
            "autoload": {
                "psr-4": {
                    "Dez\\Session\\": "src/Session"
                }
            },
            "notification-url": "https://packagist.org/downloads/",
            "license": [
                "MIT"
            ],
            "authors": [
                {
                    "name": "Ivan Gontarenko",
                    "email": "vania.gontarenko@gmail.com"
                }
            ],
            "description": "Session Component",
            "keywords": [
                "dez-php session",
                "php session",
                "session"
            ],
            "time": "2015-10-09 15:54:13"
        }
    ],
    "packages-dev": [],
    "aliases": [],
    "minimum-stability": "stable",
    "stability-flags": [],
    "prefer-stable": false,
    "prefer-lowest": false,
    "platform": {
        "php": ">=5.5"
    },
    "platform-dev": []
}
